
Microsoft Visual Studio Solution File, Format Version 12.00
# Visual Studio Version 16
VisualStudioVersion = 16.0.29613.14
MinimumVisualStudioVersion = 10.0.40219.1
Project("{FAE04EC0-301F-11D3-BF4B-00C04F79EFBC}") = "HerafApp.Android", "HerafApp\HerafApp.Android\HerafApp.Android.csproj", "{7C2E9AC4-0360-425B-9F40-824E39EB3563}"
EndProject
Project("{FAE04EC0-301F-11D3-BF4B-00C04F79EFBC}") = "HerafApp.iOS", "HerafApp\HerafApp.iOS\HerafApp.iOS.csproj", "{3A9CA371-8918-4BE2-B488-623599A5392E}"
EndProject
Project("{FAE04EC0-301F-11D3-BF4B-00C04F79EFBC}") = "HerafApp", "HerafApp\HerafApp\HerafApp.csproj", "{DB27BAE9-211F-4AD9-8F09-04423EF8C9AD}"
EndProject
Global
	GlobalSection(SolutionConfigurationPlatforms) = preSolution
		Debug|Any CPU = Debug|Any CPU
		Debug|iPhone = Debug|iPhone
		Debug|iPhoneSimulator = Debug|iPhoneSimulator
		Release|Any CPU = Release|Any CPU
		Release|iPhone = Release|iPhone
		Release|iPhoneSimulator = Release|iPhoneSimulator
	EndGlobalSection
	GlobalSection(ProjectConfigurationPlatforms) = postSolution
		{7C2E9AC4-0360-425B-9F40-824E39EB3563}.Debug|Any CPU.ActiveCfg = Debug|Any CPU
		{7C2E9AC4-0360-425B-9F40-824E39EB3563}.Debug|Any CPU.Build.0 = Debug|Any CPU
		{7C2E9AC4-0360-425B-9F40-824E39EB3563}.Debug|Any CPU.Deploy.0 = Debug|Any CPU
		{7C2E9AC4-0360-425B-9F40-824E39EB3563}.Debug|iPhone.ActiveCfg = Debug|Any CPU
		{7C2E9AC4-0360-425B-9F40-824E39EB3563}.Debug|iPhone.Build.0 = Debug|Any CPU
		{7C2E9AC4-0360-425B-9F40-824E39EB3563}.Debug|iPhone.Deploy.0 = Debug|Any CPU
		{7C2E9AC4-0360-425B-9F40-824E39EB3563}.Debug|iPhoneSimulator.ActiveCfg = Debug|Any CPU
		{7C2E9AC4-0360-425B-9F40-824E39EB3563}.Debug|iPhoneSimulator.Build.0 = Debug|Any CPU
		{7C2E9AC4-0360-425B-9F40-824E39EB3563}.Debug|iPhoneSimulator.Deploy.0 = Debug|Any CPU
		{7C2E9AC4-0360-425B-9F40-824E39EB3563}.Release|Any CPU.ActiveCfg = Release|Any CPU
		{7C2E9AC4-0360-425B-9F40-824E39EB3563}.Release|Any CPU.Build.0 = Release|Any CPU
		{7C2E9AC4-0360-425B-9F40-824E39EB3563}.Release|Any CPU.Deploy.0 = Release|Any CPU
		{7C2E9AC4-0360-425B-9F40-824E39EB3563}.Release|iPhone.ActiveCfg = Release|Any CPU
		{7C2E9AC4-0360-425B-9F40-824E39EB3563}.Release|iPhone.Build.0 = Release|Any CPU
		{7C2E9AC4-0360-425B-9F40-824E39EB3563}.Release|iPhone.Deploy.0 = Release|Any CPU
		{7C2E9AC4-0360-425B-9F40-824E39EB3563}.Release|iPhoneSimulator.ActiveCfg = Release|Any CPU
		{7C2E9AC4-0360-425B-9F40-824E39EB3563}.Release|iPhoneSimulator.Build.0 = Release|Any CPU
		{7C2E9AC4-0360-425B-9F40-824E39EB3563}.Release|iPhoneSimulator.Deploy.0 = Release|Any CPU
		{3A9CA371-8918-4BE2-B488-623599A5392E}.Debug|Any CPU.ActiveCfg = Debug|iPhoneSimulator
		{3A9CA371-8918-4BE2-B488-623599A5392E}.Debug|Any CPU.Build.0 = Debug|iPhoneSimulator
		{3A9CA371-8918-4BE2-B488-623599A5392E}.Debug|Any CPU.Deploy.0 = Debug|iPhoneSimulator
		{3A9CA371-8918-4BE2-B488-623599A5392E}.Debug|iPhone.ActiveCfg = Debug|iPhone
		{3A9CA371-8918-4BE2-B488-623599A5392E}.Debug|iPhone.Build.0 = Debug|iPhone
		{3A9CA371-8918-4BE2-B488-623599A5392E}.Debug|iPhone.Deploy.0 = Debug|iPhone
		{3A9CA371-8918-4BE2-B488-623599A5392E}.Debug|iPhoneSimulator.ActiveCfg = Debug|iPhoneSimulator
		{3A9CA371-8918-4BE2-B488-623599A5392E}.Debug|iPhoneSimulator.Build.0 = Debug|iPhoneSimulator
		{3A9CA371-8918-4BE2-B488-623599A5392E}.Debug|iPhoneSimulator.Deploy.0 = Debug|iPhoneSimulator
		{3A9CA371-8918-4BE2-B488-623599A5392E}.Release|Any CPU.ActiveCfg = Release|iPhone
		{3A9CA371-8918-4BE2-B488-623599A5392E}.Release|Any CPU.Build.0 = Release|iPhone
		{3A9CA371-8918-4BE2-B488-623599A5392E}.Release|Any CPU.Deploy.0 = Release|iPhone
		{3A9CA371-8918-4BE2-B488-623599A5392E}.Release|iPhone.ActiveCfg = Release|iPhone
		{3A9CA371-8918-4BE2-B488-623599A5392E}.Release|iPhone.Build.0 = Release|iPhone
		{3A9CA371-8918-4BE2-B488-623599A5392E}.Release|iPhone.Deploy.0 = Release|iPhone
		{3A9CA371-8918-4BE2-B488-623599A5392E}.Release|iPhoneSimulator.ActiveCfg = Release|iPhoneSimulator
		{3A9CA371-8918-4BE2-B488-623599A5392E}.Release|iPhoneSimulator.Build.0 = Release|iPhoneSimulator
		{3A9CA371-8918-4BE2-B488-623599A5392E}.Release|iPhoneSimulator.Deploy.0 = Release|iPhoneSimulator
		{DB27BAE9-211F-4AD9-8F09-04423EF8C9AD}.Debug|Any CPU.ActiveCfg = Debug|Any CPU
		{DB27BAE9-211F-4AD9-8F09-04423EF8C9AD}.Debug|Any CPU.Build.0 = Debug|Any CPU
		{DB27BAE9-211F-4AD9-8F09-04423EF8C9AD}.Debug|Any CPU.Deploy.0 = Debug|Any CPU
		{DB27BAE9-211F-4AD9-8F09-04423EF8C9AD}.Debug|iPhone.ActiveCfg = Debug|Any CPU
		{DB27BAE9-211F-4AD9-8F09-04423EF8C9AD}.Debug|iPhone.Build.0 = Debug|Any CPU
		{DB27BAE9-211F-4AD9-8F09-04423EF8C9AD}.Debug|iPhone.Deploy.0 = Debug|Any CPU
		{DB27BAE9-211F-4AD9-8F09-04423EF8C9AD}.Debug|iPhoneSimulator.ActiveCfg = Debug|Any CPU
		{DB27BAE9-211F-4AD9-8F09-04423EF8C9AD}.Debug|iPhoneSimulator.Build.0 = Debug|Any CPU
		{DB27BAE9-211F-4AD9-8F09-04423EF8C9AD}.Debug|iPhoneSimulator.Deploy.0 = Debug|Any CPU
		{DB27BAE9-211F-4AD9-8F09-04423EF8C9AD}.Release|Any CPU.ActiveCfg = Release|Any CPU
		{DB27BAE9-211F-4AD9-8F09-04423EF8C9AD}.Release|Any CPU.Build.0 = Release|Any CPU
		{DB27BAE9-211F-4AD9-8F09-04423EF8C9AD}.Release|Any CPU.Deploy.0 = Release|Any CPU
		{DB27BAE9-211F-4AD9-8F09-04423EF8C9AD}.Release|iPhone.ActiveCfg = Release|Any CPU
		{DB27BAE9-211F-4AD9-8F09-04423EF8C9AD}.Release|iPhone.Build.0 = Release|Any CPU
		{DB27BAE9-211F-4AD9-8F09-04423EF8C9AD}.Release|iPhone.Deploy.0 = Release|Any CPU
		{DB27BAE9-211F-4AD9-8F09-04423EF8C9AD}.Release|iPhoneSimulator.ActiveCfg = Release|Any CPU
		{DB27BAE9-211F-4AD9-8F09-04423EF8C9AD}.Release|iPhoneSimulator.Build.0 = Release|Any CPU
		{DB27BAE9-211F-4AD9-8F09-04423EF8C9AD}.Release|iPhoneSimulator.Deploy.0 = Release|Any CPU
	EndGlobalSection
	GlobalSection(SolutionProperties) = preSolution
		HideSolutionNode = FALSE
	EndGlobalSection
	GlobalSection(ExtensibilityGlobals) = postSolution
		SolutionGuid = {4627E870-79AC-442F-86DD-FF0B18BD0A0A}
	EndGlobalSection
EndGlobal
